<?xml version="1.0" encoding="utf-8"?>
<Project ToolsVersion="4.0" xmlns="http://schemas.microsoft.com/developer/msbuild/2003">
  <ItemGroup>
    <Filter Include="Code">
      <UniqueIdentifier>{096fee30-390d-4eee-a2ea-17d426c55f00}</UniqueIdentifier>
    </Filter>
    <Filter Include="ThirdParty">
      <UniqueIdentifier>{0126530c-3080-4073-b9e1-be119751e284}</UniqueIdentifier>
    </Filter>
    <Filter Include="ThirdParty\glad">
      <UniqueIdentifier>{bc6b72dd-4f31-4374-a3fd-c0cbce4e4e80}</UniqueIdentifier>
    </Filter>
    <Filter Include="Licenses">
      <UniqueIdentifier>{0d357dc6-323b-4ff2-892c-0c73c1b8d0a4}</UniqueIdentifier>
    </Filter>
    <Filter Include="Shaders">
      <UniqueIdentifier>{9ed3f3d4-fcf1-4934-b5f6-c6efe57a831f}</UniqueIdentifier>
    </Filter>
    <Filter Include="Shaders\Default">
      <UniqueIdentifier>{4d774312-8ec4-4a8f-ab23-b0e4e37514c6}</UniqueIdentifier>
    </Filter>
    <Filter Include="Code\Old">
      <UniqueIdentifier>{7e0a2ec5-541f-4427-b877-e82ba0c3e429}</UniqueIdentifier>
    </Filter>
    <Filter Include="Code\Old\VBO">
      <UniqueIdentifier>{0b0397cc-9ec2-4557-a3e4-8c5bb3014fbf}</UniqueIdentifier>
    </Filter>
    <Filter Include="Code\Old\Shader">
      <UniqueIdentifier>{26ffac6e-4004-481e-a34e-c7529b0d08c8}</UniqueIdentifier>
    </Filter>
    <Filter Include="Code\Old\Texture">
      <UniqueIdentifier>{df534680-16c9-46d0-b0df-73fb067fc9a6}</UniqueIdentifier>
    </Filter>
    <Filter Include="Code\Old\VAO">
      <UniqueIdentifier>{8b20051a-9f9b-4b16-bf08-aaede9d259be}</UniqueIdentifier>
    </Filter>
    <Filter Include="Code\Old\Model">
      <UniqueIdentifier>{5ed9f1c9-0727-4c75-ba02-c1ca6c59b115}</UniqueIdentifier>
    </Filter>
    <Filter Include="Code\Old\EBO">
      <UniqueIdentifier>{3e861ffa-4476-47fd-86ba-59e13a8572d4}</UniqueIdentifier>
    </Filter>
    <Filter Include="Code\Old\Mesh">
      <UniqueIdentifier>{be71c6dd-4333-4e81-be78-b3a7d5240a0a}</UniqueIdentifier>
    </Filter>
    <Filter Include="Code\Old\Camera">
      <UniqueIdentifier>{ee2c97a1-ed20-4cfe-91da-74df5625995b}</UniqueIdentifier>
    </Filter>
  </ItemGroup>
  <ItemGroup>
    <ClCompile Include="ThirdParty\glad\src\glad.c">
      <Filter>ThirdParty\glad</Filter>
    </ClCompile>
    <ClCompile Include="Code\main.cpp">
      <Filter>Code</Filter>
    </ClCompile>
  </ItemGroup>
  <ItemGroup>
    <CopyFileToFolders Include="ThirdParty\glad\GLAD_LICENSE">
      <Filter>Licenses</Filter>
    </CopyFileToFolders>
    <CopyFileToFolders Include="ThirdParty\tiny_gltf\TINY_GLTF_LICENSE">
      <Filter>Licenses</Filter>
    </CopyFileToFolders>
    <CopyFileToFolders Include="ThirdParty\GLFW\GLFW_LICENSE.md">
      <Filter>Licenses</Filter>
    </CopyFileToFolders>
    <CopyFileToFolders Include="ThirdParty\STBI\STBI_MIT_LICENSE.txt">
      <Filter>Licenses</Filter>
    </CopyFileToFolders>
    <CopyFileToFolders Include="ThirdParty\json\JSON_LICENSE.MIT">
      <Filter>Licenses</Filter>
    </CopyFileToFolders>
    <CopyFileToFolders Include="ThirdParty\GLM\GLM_COPYING.txt">
      <Filter>Licenses</Filter>
    </CopyFileToFolders>
  </ItemGroup>
  <ItemGroup>
    <None Include="..\Files\Shaders\default.frag">
      <Filter>Shaders\Default</Filter>
    </None>
    <None Include="..\Files\Shaders\default.vert">
      <Filter>Shaders\Default</Filter>
    </None>
    <None Include="Code\main_old.cpp">
      <Filter>Code\Old</Filter>
    </None>
    <None Include="Code\VBO.hpp">
      <Filter>Code\Old\VBO</Filter>
    </None>
    <None Include="Code\VBO.cpp">
      <Filter>Code\Old\VBO</Filter>
    </None>
    <None Include="Code\VAO.hpp">
      <Filter>Code\Old\VAO</Filter>
    </None>
    <None Include="Code\VAO.cpp">
      <Filter>Code\Old\VAO</Filter>
    </None>
    <None Include="Code\Texture.hpp">
      <Filter>Code\Old\Texture</Filter>
    </None>
    <None Include="Code\Texture.cpp">
      <Filter>Code\Old\Texture</Filter>
    </None>
    <None Include="Code\Shader.hpp">
      <Filter>Code\Old\Shader</Filter>
    </None>
    <None Include="Code\Shader.cpp">
      <Filter>Code\Old\Shader</Filter>
    </None>
    <None Include="Code\Model.hpp">
      <Filter>Code\Old\Model</Filter>
    </None>
    <None Include="Code\Model.cpp">
      <Filter>Code\Old\Model</Filter>
    </None>
    <None Include="Code\Mesh.hpp">
      <Filter>Code\Old\Mesh</Filter>
    </None>
    <None Include="Code\Mesh.cpp">
      <Filter>Code\Old\Mesh</Filter>
    </None>
    <None Include="Code\EBO.hpp">
      <Filter>Code\Old\EBO</Filter>
    </None>
    <None Include="Code\EBO.cpp">
      <Filter>Code\Old\EBO</Filter>
    </None>
    <None Include="Code\Camera.hpp">
      <Filter>Code\Old\Camera</Filter>
    </None>
    <None Include="Code\Camera.cpp">
      <Filter>Code\Old\Camera</Filter>
    </None>
  </ItemGroup>
</Project>