<?xml version="1.0" encoding="utf-8"?>
<Project ToolsVersion="4.0" xmlns="http://schemas.microsoft.com/developer/msbuild/2003">
  <ItemGroup>
    <Filter Include="Code">
      <UniqueIdentifier>{096fee30-390d-4eee-a2ea-17d426c55f00}</UniqueIdentifier>
    </Filter>
    <Filter Include="ThirdParty">
      <UniqueIdentifier>{0126530c-3080-4073-b9e1-be119751e284}</UniqueIdentifier>
    </Filter>
    <Filter Include="ThirdParty\glad">
      <UniqueIdentifier>{bc6b72dd-4f31-4374-a3fd-c0cbce4e4e80}</UniqueIdentifier>
    </Filter>
    <Filter Include="Licenses">
      <UniqueIdentifier>{0d357dc6-323b-4ff2-892c-0c73c1b8d0a4}</UniqueIdentifier>
    </Filter>
    <Filter Include="Shaders">
      <UniqueIdentifier>{9ed3f3d4-fcf1-4934-b5f6-c6efe57a831f}</UniqueIdentifier>
    </Filter>
    <Filter Include="Shaders\Default">
      <UniqueIdentifier>{4d774312-8ec4-4a8f-ab23-b0e4e37514c6}</UniqueIdentifier>
    </Filter>
    <Filter Include="Code\VertexBuffers">
      <UniqueIdentifier>{03c9813e-3c45-4914-876b-278f14a3901c}</UniqueIdentifier>
    </Filter>
    <Filter Include="Code\Old">
      <UniqueIdentifier>{b402774e-f216-4759-a6fb-58eb98425aa6}</UniqueIdentifier>
    </Filter>
    <Filter Include="Code\Shader">
      <UniqueIdentifier>{2ecfaa50-673a-4a63-823a-b07981ad0da2}</UniqueIdentifier>
    </Filter>
    <Filter Include="Code\Camera">
      <UniqueIdentifier>{300c2454-553c-4352-a50d-4aba01def041}</UniqueIdentifier>
    </Filter>
    <Filter Include="Code\Texture">
      <UniqueIdentifier>{d0d6bef9-2109-4abc-b7a1-fa8f60972ff2}</UniqueIdentifier>
    </Filter>
    <Filter Include="Code\Model">
      <UniqueIdentifier>{de078d21-b204-4a48-8f43-61cf4302fc66}</UniqueIdentifier>
    </Filter>
    <Filter Include="Code\Material">
      <UniqueIdentifier>{0e356cad-7859-4664-9365-fea1b16c7ada}</UniqueIdentifier>
    </Filter>
    <Filter Include="ThirdParty\MikkTSpace">
      <UniqueIdentifier>{9f097177-19c2-4c37-9ec3-6e71fa58b32b}</UniqueIdentifier>
    </Filter>
    <Filter Include="Code\Renderer">
      <UniqueIdentifier>{b0de486a-4bce-4270-8346-f888215d0629}</UniqueIdentifier>
    </Filter>
    <Filter Include="Code\Renderer\OpenGL">
      <UniqueIdentifier>{8f459704-fff3-4b4b-a242-c949c403a456}</UniqueIdentifier>
    </Filter>
    <Filter Include="Code\Renderer\OpenGL\Renderer">
      <UniqueIdentifier>{4f896b20-d00c-4bf2-9453-2f487ed270dc}</UniqueIdentifier>
    </Filter>
    <Filter Include="Code\Renderer\OpenGL\ResourceManager">
      <UniqueIdentifier>{637b3963-47b8-4bd5-adcb-5008b8cae2ac}</UniqueIdentifier>
    </Filter>
    <Filter Include="Code\Renderer\Vulkan">
      <UniqueIdentifier>{8e444777-81f4-4c85-9c4e-1510ee9e1f74}</UniqueIdentifier>
    </Filter>
    <Filter Include="Code\Renderer\Vulkan\Renderer">
      <UniqueIdentifier>{450e6c5e-9ad4-425b-a997-997216ad5511}</UniqueIdentifier>
    </Filter>
    <Filter Include="Code\Renderer\Vulkan\DeviceManager">
      <UniqueIdentifier>{13b2aff8-c579-4ca8-851b-cc642e51eb10}</UniqueIdentifier>
    </Filter>
    <Filter Include="Code\Renderer\Vulkan\Swapchain">
      <UniqueIdentifier>{baf9387e-ff64-4129-9ab3-c31dca9ea799}</UniqueIdentifier>
    </Filter>
  </ItemGroup>
  <ItemGroup>
    <ClCompile Include="ThirdParty\glad\src\glad.c">
      <Filter>ThirdParty\glad</Filter>
    </ClCompile>
    <ClCompile Include="Code\main.cpp">
      <Filter>Code</Filter>
    </ClCompile>
    <ClCompile Include="Code\VertexBuffers.cpp">
      <Filter>Code\VertexBuffers</Filter>
    </ClCompile>
    <ClCompile Include="Code\Shader.cpp">
      <Filter>Code\Shader</Filter>
    </ClCompile>
    <ClCompile Include="Code\Camera.cpp">
      <Filter>Code\Camera</Filter>
    </ClCompile>
    <ClCompile Include="Code\Texture.cpp">
      <Filter>Code\Texture</Filter>
    </ClCompile>
    <ClCompile Include="Code\Model.cpp">
      <Filter>Code\Model</Filter>
    </ClCompile>
    <ClCompile Include="Code\Material.cpp">
      <Filter>Code\Material</Filter>
    </ClCompile>
    <ClCompile Include="Code\IRenderer.cpp">
      <Filter>Code\Renderer</Filter>
    </ClCompile>
    <ClCompile Include="Code\OpenGLRenderer.cpp">
      <Filter>Code\Renderer\OpenGL\Renderer</Filter>
    </ClCompile>
    <ClCompile Include="Code\OpenGLResourceManager.cpp">
      <Filter>Code\Renderer\OpenGL\ResourceManager</Filter>
    </ClCompile>
    <ClCompile Include="ThirdParty\MikkTSpace\include\mikktspace.c">
      <Filter>ThirdParty\MikkTSpace</Filter>
    </ClCompile>
    <ClCompile Include="Code\VulkanRenderer.cpp">
      <Filter>Code\Renderer\Vulkan\Renderer</Filter>
    </ClCompile>
    <ClCompile Include="Code\VulkanDeviceManager.cpp">
      <Filter>Code\Renderer\Vulkan\DeviceManager</Filter>
    </ClCompile>
  </ItemGroup>
  <ItemGroup>
    <CopyFileToFolders Include="ThirdParty\glad\GLAD_LICENSE">
      <Filter>Licenses</Filter>
    </CopyFileToFolders>
    <CopyFileToFolders Include="ThirdParty\tiny_gltf\TINY_GLTF_LICENSE">
      <Filter>Licenses</Filter>
    </CopyFileToFolders>
    <CopyFileToFolders Include="ThirdParty\GLFW\GLFW_LICENSE.md">
      <Filter>Licenses</Filter>
    </CopyFileToFolders>
    <CopyFileToFolders Include="ThirdParty\STBI\STBI_MIT_LICENSE.txt">
      <Filter>Licenses</Filter>
    </CopyFileToFolders>
    <CopyFileToFolders Include="ThirdParty\json\JSON_LICENSE.MIT">
      <Filter>Licenses</Filter>
    </CopyFileToFolders>
    <CopyFileToFolders Include="ThirdParty\GLM\GLM_COPYING.txt">
      <Filter>Licenses</Filter>
    </CopyFileToFolders>
  </ItemGroup>
  <ItemGroup>
    <None Include="..\Files\Shaders\default.frag">
      <Filter>Shaders\Default</Filter>
    </None>
    <None Include="..\Files\Shaders\default.vert">
      <Filter>Shaders\Default</Filter>
    </None>
    <None Include="Code\Old\Camera.cpp">
      <Filter>Code\Old</Filter>
    </None>
    <None Include="Code\Old\Camera.hpp">
      <Filter>Code\Old</Filter>
    </None>
    <None Include="Code\Old\EBO.cpp">
      <Filter>Code\Old</Filter>
    </None>
    <None Include="Code\Old\EBO.hpp">
      <Filter>Code\Old</Filter>
    </None>
    <None Include="Code\Old\main_old.cpp">
      <Filter>Code\Old</Filter>
    </None>
    <None Include="Code\Old\Mesh.cpp">
      <Filter>Code\Old</Filter>
    </None>
    <None Include="Code\Old\Mesh.hpp">
      <Filter>Code\Old</Filter>
    </None>
    <None Include="Code\Old\Model.cpp">
      <Filter>Code\Old</Filter>
    </None>
    <None Include="Code\Old\Model.hpp">
      <Filter>Code\Old</Filter>
    </None>
    <None Include="Code\Old\Shader.cpp">
      <Filter>Code\Old</Filter>
    </None>
    <None Include="Code\Old\Shader.hpp">
      <Filter>Code\Old</Filter>
    </None>
    <None Include="Code\Old\Texture.cpp">
      <Filter>Code\Old</Filter>
    </None>
    <None Include="Code\Old\Texture.hpp">
      <Filter>Code\Old</Filter>
    </None>
    <None Include="Code\Old\VAO.cpp">
      <Filter>Code\Old</Filter>
    </None>
    <None Include="Code\Old\VAO.hpp">
      <Filter>Code\Old</Filter>
    </None>
    <None Include="Code\Old\VBO.cpp">
      <Filter>Code\Old</Filter>
    </None>
    <None Include="Code\Old\VBO.hpp">
      <Filter>Code\Old</Filter>
    </None>
  </ItemGroup>
  <ItemGroup>
    <ClInclude Include="Code\VertexBuffers.hpp">
      <Filter>Code\VertexBuffers</Filter>
    </ClInclude>
    <ClInclude Include="Code\Shader.hpp">
      <Filter>Code\Shader</Filter>
    </ClInclude>
    <ClInclude Include="Code\Camera.hpp">
      <Filter>Code\Camera</Filter>
    </ClInclude>
    <ClInclude Include="Code\Texture.hpp">
      <Filter>Code\Texture</Filter>
    </ClInclude>
    <ClInclude Include="Code\Model.hpp">
      <Filter>Code\Model</Filter>
    </ClInclude>
    <ClInclude Include="Code\Material.hpp">
      <Filter>Code\Material</Filter>
    </ClInclude>
    <ClInclude Include="Code\IRenderer.hpp">
      <Filter>Code\Renderer</Filter>
    </ClInclude>
    <ClInclude Include="Code\OpenGLRenderer.hpp">
      <Filter>Code\Renderer\OpenGL\Renderer</Filter>
    </ClInclude>
    <ClInclude Include="Code\OpenGLResourceManager.hpp">
      <Filter>Code\Renderer\OpenGL\ResourceManager</Filter>
    </ClInclude>
    <ClInclude Include="ThirdParty\MikkTSpace\include\mikktspace.h">
      <Filter>ThirdParty\MikkTSpace</Filter>
    </ClInclude>
    <ClInclude Include="Code\VulkanRenderer.hpp">
      <Filter>Code\Renderer\Vulkan\Renderer</Filter>
    </ClInclude>
    <ClInclude Include="Code\VulkanDeviceManager.hpp">
      <Filter>Code\Renderer\Vulkan\DeviceManager</Filter>
    </ClInclude>
    <ClInclude Include="Code\VulkanSwapchain.hpp">
      <Filter>Code\Renderer\Vulkan\Swapchain</Filter>
    </ClInclude>
  </ItemGroup>
</Project>