<?xml version="1.0" encoding="utf-8"?>
<Project ToolsVersion="4.0" xmlns="http://schemas.microsoft.com/developer/msbuild/2003">
  <ItemGroup>
    <Filter Include="Code">
      <UniqueIdentifier>{096fee30-390d-4eee-a2ea-17d426c55f00}</UniqueIdentifier>
    </Filter>
    <Filter Include="ThirdParty">
      <UniqueIdentifier>{0126530c-3080-4073-b9e1-be119751e284}</UniqueIdentifier>
    </Filter>
    <Filter Include="ThirdParty\glad">
      <UniqueIdentifier>{bc6b72dd-4f31-4374-a3fd-c0cbce4e4e80}</UniqueIdentifier>
    </Filter>
    <Filter Include="Licenses">
      <UniqueIdentifier>{0d357dc6-323b-4ff2-892c-0c73c1b8d0a4}</UniqueIdentifier>
    </Filter>
  </ItemGroup>
  <ItemGroup>
    <ClCompile Include="Code\main.cpp">
      <Filter>Code</Filter>
    </ClCompile>
    <ClCompile Include="ThirdParty\glad\src\glad.c">
      <Filter>ThirdParty\glad</Filter>
    </ClCompile>
  </ItemGroup>
  <ItemGroup>
    <CopyFileToFolders Include="ThirdParty\glad\GLAD_LICENSE">
      <Filter>Licenses</Filter>
    </CopyFileToFolders>
    <CopyFileToFolders Include="ThirdParty\tiny_gltf\TINY_GLTF_LICENSE">
      <Filter>Licenses</Filter>
    </CopyFileToFolders>
    <CopyFileToFolders Include="ThirdParty\GLFW\GLFW_LICENSE.md">
      <Filter>Licenses</Filter>
    </CopyFileToFolders>
    <CopyFileToFolders Include="ThirdParty\STBI\STBI_MIT_LICENSE.txt">
      <Filter>Licenses</Filter>
    </CopyFileToFolders>
    <CopyFileToFolders Include="ThirdParty\json\JSON_LICENSE.MIT">
      <Filter>Licenses</Filter>
    </CopyFileToFolders>
  </ItemGroup>
</Project>